
Microsoft Visual Studio Solution File, Format Version 12.00
# Visual Studio Version 17
VisualStudioVersion = 17.11.35327.3
MinimumVisualStudioVersion = 10.0.40219.1
Project("{9A19103F-16F7-4668-BE54-9A1E7A4F7556}") = "CinemaProject", "CenimaProject\CinemaProject.csproj", "{8365CF41-B1AA-4286-A3B8-0B2EFDF199F7}"
EndProject
Global
	GlobalSection(SolutionConfigurationPlatforms) = preSolution
		Debug|Any CPU = Debug|Any CPU
		Release|Any CPU = Release|Any CPU
	EndGlobalSection
	GlobalSection(ProjectConfigurationPlatforms) = postSolution
		{8365CF41-B1AA-4286-A3B8-0B2EFDF199F7}.Debug|Any CPU.ActiveCfg = Debug|Any CPU
		{8365CF41-B1AA-4286-A3B8-0B2EFDF199F7}.Debug|Any CPU.Build.0 = Debug|Any CPU
		{8365CF41-B1AA-4286-A3B8-0B2EFDF199F7}.Release|Any CPU.ActiveCfg = Release|Any CPU
		{8365CF41-B1AA-4286-A3B8-0B2EFDF199F7}.Release|Any CPU.Build.0 = Release|Any CPU
	EndGlobalSection
	GlobalSection(SolutionProperties) = preSolution
		HideSolutionNode = FALSE
	EndGlobalSection
	GlobalSection(ExtensibilityGlobals) = postSolution
		SolutionGuid = {6FC14A6C-80A9-4B0A-BE89-3A684C1D61D5}
	EndGlobalSection
EndGlobal
